// !$*UTF8*$!
{
	archiveVersion = 1;
	classes = {
	};
	objectVersion = 46;
	objects = {

/* Begin PBXBuildFile section */
		E5030706338B65B323340082 /* Pods_Rain.framework in Frameworks */ = {isa = PBXBuildFile; fileRef = E3300F5E778CC4BB299A41FC /* Pods_Rain.framework */; };
		FA32717D1EA036650093ECC8 /* AppDelegate.swift in Sources */ = {isa = PBXBuildFile; fileRef = FA32717C1EA036650093ECC8 /* AppDelegate.swift */; };
		FA32717F1EA036650093ECC8 /* WeatherVC.swift in Sources */ = {isa = PBXBuildFile; fileRef = FA32717E1EA036650093ECC8 /* WeatherVC.swift */; };
		FA3271821EA036650093ECC8 /* Main.storyboard in Resources */ = {isa = PBXBuildFile; fileRef = FA3271801EA036650093ECC8 /* Main.storyboard */; };
		FA3271841EA036650093ECC8 /* Assets.xcassets in Resources */ = {isa = PBXBuildFile; fileRef = FA3271831EA036650093ECC8 /* Assets.xcassets */; };
		FA3271871EA036650093ECC8 /* LaunchScreen.storyboard in Resources */ = {isa = PBXBuildFile; fileRef = FA3271851EA036650093ECC8 /* LaunchScreen.storyboard */; };
		FA68786D1EA131CB00F05E94 /* Forecast.swift in Sources */ = {isa = PBXBuildFile; fileRef = FA68786C1EA131CB00F05E94 /* Forecast.swift */; };
		FAA57D991EA04D87003B8AA1 /* Constants.swift in Sources */ = {isa = PBXBuildFile; fileRef = FAA57D981EA04D87003B8AA1 /* Constants.swift */; };
		FAA57D9B1EA04E42003B8AA1 /* CurrentWeather.swift in Sources */ = {isa = PBXBuildFile; fileRef = FAA57D9A1EA04E42003B8AA1 /* CurrentWeather.swift */; };
		FACCDD8D1EA16B7C00787BA1 /* WeatherCell.swift in Sources */ = {isa = PBXBuildFile; fileRef = FACCDD8C1EA16B7C00787BA1 /* WeatherCell.swift */; };
		FACCDD8F1EA1711E00787BA1 /* Location.swift in Sources */ = {isa = PBXBuildFile; fileRef = FACCDD8E1EA1711E00787BA1 /* Location.swift */; };
/* End PBXBuildFile section */

/* Begin PBXFileReference section */
		5A39791547948C74AA37AE9E /* Pods-Rain.debug.xcconfig */ = {isa = PBXFileReference; includeInIndex = 1; lastKnownFileType = text.xcconfig; name = "Pods-Rain.debug.xcconfig"; path = "Pods/Target Support Files/Pods-Rain/Pods-Rain.debug.xcconfig"; sourceTree = "<group>"; };
		A953B9095B00A31412F6B539 /* Pods-Rain.release.xcconfig */ = {isa = PBXFileReference; includeInIndex = 1; lastKnownFileType = text.xcconfig; name = "Pods-Rain.release.xcconfig"; path = "Pods/Target Support Files/Pods-Rain/Pods-Rain.release.xcconfig"; sourceTree = "<group>"; };
		E3300F5E778CC4BB299A41FC /* Pods_Rain.framework */ = {isa = PBXFileReference; explicitFileType = wrapper.framework; includeInIndex = 0; path = Pods_Rain.framework; sourceTree = BUILT_PRODUCTS_DIR; };
		FA3271791EA036650093ECC8 /* Rain.app */ = {isa = PBXFileReference; explicitFileType = wrapper.application; includeInIndex = 0; path = Rain.app; sourceTree = BUILT_PRODUCTS_DIR; };
		FA32717C1EA036650093ECC8 /* AppDelegate.swift */ = {isa = PBXFileReference; lastKnownFileType = sourcecode.swift; path = AppDelegate.swift; sourceTree = "<group>"; };
		FA32717E1EA036650093ECC8 /* WeatherVC.swift */ = {isa = PBXFileReference; lastKnownFileType = sourcecode.swift; path = WeatherVC.swift; sourceTree = "<group>"; };
		FA3271811EA036650093ECC8 /* Base */ = {isa = PBXFileReference; lastKnownFileType = file.storyboard; name = Base; path = Base.lproj/Main.storyboard; sourceTree = "<group>"; };
		FA3271831EA036650093ECC8 /* Assets.xcassets */ = {isa = PBXFileReference; lastKnownFileType = folder.assetcatalog; path = Assets.xcassets; sourceTree = "<group>"; };
		FA3271861EA036650093ECC8 /* Base */ = {isa = PBXFileReference; lastKnownFileType = file.storyboard; name = Base; path = Base.lproj/LaunchScreen.storyboard; sourceTree = "<group>"; };
		FA3271881EA036650093ECC8 /* Info.plist */ = {isa = PBXFileReference; lastKnownFileType = text.plist.xml; path = Info.plist; sourceTree = "<group>"; };
		FA68786C1EA131CB00F05E94 /* Forecast.swift */ = {isa = PBXFileReference; fileEncoding = 4; lastKnownFileType = sourcecode.swift; path = Forecast.swift; sourceTree = "<group>"; };
		FAA57D981EA04D87003B8AA1 /* Constants.swift */ = {isa = PBXFileReference; fileEncoding = 4; lastKnownFileType = sourcecode.swift; path = Constants.swift; sourceTree = "<group>"; };
		FAA57D9A1EA04E42003B8AA1 /* CurrentWeather.swift */ = {isa = PBXFileReference; fileEncoding = 4; lastKnownFileType = sourcecode.swift; path = CurrentWeather.swift; sourceTree = "<group>"; };
		FACCDD8C1EA16B7C00787BA1 /* WeatherCell.swift */ = {isa = PBXFileReference; fileEncoding = 4; lastKnownFileType = sourcecode.swift; path = WeatherCell.swift; sourceTree = "<group>"; };
		FACCDD8E1EA1711E00787BA1 /* Location.swift */ = {isa = PBXFileReference; fileEncoding = 4; lastKnownFileType = sourcecode.swift; path = Location.swift; sourceTree = "<group>"; };
/* End PBXFileReference section */

/* Begin PBXFrameworksBuildPhase section */
		FA3271761EA036650093ECC8 /* Frameworks */ = {
			isa = PBXFrameworksBuildPhase;
			buildActionMask = 2147483647;
			files = (
				E5030706338B65B323340082 /* Pods_Rain.framework in Frameworks */,
			);
			runOnlyForDeploymentPostprocessing = 0;
		};
/* End PBXFrameworksBuildPhase section */

/* Begin PBXGroup section */
		89BA5D9BB4CAAB6BE3E00BB3 /* Pods */ = {
			isa = PBXGroup;
			children = (
				5A39791547948C74AA37AE9E /* Pods-Rain.debug.xcconfig */,
				A953B9095B00A31412F6B539 /* Pods-Rain.release.xcconfig */,
			);
			name = Pods;
			sourceTree = "<group>";
		};
		E0F4BB58E5C3BEC4031AAD61 /* Frameworks */ = {
			isa = PBXGroup;
			children = (
				E3300F5E778CC4BB299A41FC /* Pods_Rain.framework */,
			);
			name = Frameworks;
			sourceTree = "<group>";
		};
		FA3271701EA036650093ECC8 = {
			isa = PBXGroup;
			children = (
				FA32717B1EA036650093ECC8 /* Rain */,
				FA32717A1EA036650093ECC8 /* Products */,
				89BA5D9BB4CAAB6BE3E00BB3 /* Pods */,
				E0F4BB58E5C3BEC4031AAD61 /* Frameworks */,
			);
			sourceTree = "<group>";
		};
		FA32717A1EA036650093ECC8 /* Products */ = {
			isa = PBXGroup;
			children = (
				FA3271791EA036650093ECC8 /* Rain.app */,
			);
			name = Products;
			sourceTree = "<group>";
		};
		FA32717B1EA036650093ECC8 /* Rain */ = {
			isa = PBXGroup;
			children = (
				FA32717C1EA036650093ECC8 /* AppDelegate.swift */,
				FA32717E1EA036650093ECC8 /* WeatherVC.swift */,
				FA3271801EA036650093ECC8 /* Main.storyboard */,
				FA3271831EA036650093ECC8 /* Assets.xcassets */,
				FA3271851EA036650093ECC8 /* LaunchScreen.storyboard */,
				FAA57D981EA04D87003B8AA1 /* Constants.swift */,
				FAA57D9A1EA04E42003B8AA1 /* CurrentWeather.swift */,
				FA3271881EA036650093ECC8 /* Info.plist */,
				FA68786C1EA131CB00F05E94 /* Forecast.swift */,
				FACCDD8C1EA16B7C00787BA1 /* WeatherCell.swift */,
				FACCDD8E1EA1711E00787BA1 /* Location.swift */,
			);
			path = Rain;
			sourceTree = "<group>";
		};
/* End PBXGroup section */

/* Begin PBXNativeTarget section */
		FA3271781EA036650093ECC8 /* Rain */ = {
			isa = PBXNativeTarget;
			buildConfigurationList = FA32718B1EA036650093ECC8 /* Build configuration list for PBXNativeTarget "Rain" */;
			buildPhases = (
				4CDDA46712451588F70BFE5A /* [CP] Check Pods Manifest.lock */,
				FA3271751EA036650093ECC8 /* Sources */,
				FA3271761EA036650093ECC8 /* Frameworks */,
				FA3271771EA036650093ECC8 /* Resources */,
				09673C82EB67B5CAEAEF4933 /* [CP] Embed Pods Frameworks */,
				E26E037C303080CD8927D364 /* [CP] Copy Pods Resources */,
			);
			buildRules = (
			);
			dependencies = (
			);
			name = Rain;
			productName = Rain;
			productReference = FA3271791EA036650093ECC8 /* Rain.app */;
			productType = "com.apple.product-type.application";
		};
/* End PBXNativeTarget section */

/* Begin PBXProject section */
		FA3271711EA036650093ECC8 /* Project object */ = {
			isa = PBXProject;
			attributes = {
				LastSwiftUpdateCheck = 0830;
				LastUpgradeCheck = 0830;
				ORGANIZATIONNAME = jack_amiegbe;
				TargetAttributes = {
					FA3271781EA036650093ECC8 = {
						CreatedOnToolsVersion = 8.3.1;
						DevelopmentTeam = W8AVFZS4RL;
						ProvisioningStyle = Automatic;
					};
				};
			};
			buildConfigurationList = FA3271741EA036650093ECC8 /* Build configuration list for PBXProject "Rain" */;
			compatibilityVersion = "Xcode 3.2";
			developmentRegion = English;
			hasScannedForEncodings = 0;
			knownRegions = (
				en,
				Base,
			);
			mainGroup = FA3271701EA036650093ECC8;
			productRefGroup = FA32717A1EA036650093ECC8 /* Products */;
			projectDirPath = "";
			projectRoot = "";
			targets = (
				FA3271781EA036650093ECC8 /* Rain */,
			);
		};
/* End PBXProject section */

/* Begin PBXResourcesBuildPhase section */
		FA3271771EA036650093ECC8 /* Resources */ = {
			isa = PBXResourcesBuildPhase;
			buildActionMask = 2147483647;
			files = (
				FA3271871EA036650093ECC8 /* LaunchScreen.storyboard in Resources */,
				FA3271841EA036650093ECC8 /* Assets.xcassets in Resources */,
				FA3271821EA036650093ECC8 /* Main.storyboard in Resources */,
			);
			runOnlyForDeploymentPostprocessing = 0;
		};
/* End PBXResourcesBuildPhase section */

/* Begin PBXShellScriptBuildPhase section */
		09673C82EB67B5CAEAEF4933 /* [CP] Embed Pods Frameworks */ = {
			isa = PBXShellScriptBuildPhase;
			buildActionMask = 2147483647;
			files = (
			);
			inputPaths = (
			);
			name = "[CP] Embed Pods Frameworks";
			outputPaths = (
			);
			runOnlyForDeploymentPostprocessing = 0;
			shellPath = /bin/sh;
			shellScript = "\"${SRCROOT}/Pods/Target Support Files/Pods-Rain/Pods-Rain-frameworks.sh\"\n";
			showEnvVarsInLog = 0;
		};
		4CDDA46712451588F70BFE5A /* [CP] Check Pods Manifest.lock */ = {
			isa = PBXShellScriptBuildPhase;
			buildActionMask = 2147483647;
			files = (
			);
			inputPaths = (
			);
			name = "[CP] Check Pods Manifest.lock";
			outputPaths = (
			);
			runOnlyForDeploymentPostprocessing = 0;
			shellPath = /bin/sh;
			shellScript = "diff \"${PODS_ROOT}/../Podfile.lock\" \"${PODS_ROOT}/Manifest.lock\" > /dev/null\nif [ $? != 0 ] ; then\n    # print error to STDERR\n    echo \"error: The sandbox is not in sync with the Podfile.lock. Run 'pod install' or update your CocoaPods installation.\" >&2\n    exit 1\nfi\n";
			showEnvVarsInLog = 0;
		};
		E26E037C303080CD8927D364 /* [CP] Copy Pods Resources */ = {
			isa = PBXShellScriptBuildPhase;
			buildActionMask = 2147483647;
			files = (
			);
			inputPaths = (
			);
			name = "[CP] Copy Pods Resources";
			outputPaths = (
			);
			runOnlyForDeploymentPostprocessing = 0;
			shellPath = /bin/sh;
			shellScript = "\"${SRCROOT}/Pods/Target Support Files/Pods-Rain/Pods-Rain-resources.sh\"\n";
			showEnvVarsInLog = 0;
		};
/* End PBXShellScriptBuildPhase section */

/* Begin PBXSourcesBuildPhase section */
		FA3271751EA036650093ECC8 /* Sources */ = {
			isa = PBXSourcesBuildPhase;
			buildActionMask = 2147483647;
			files = (
				FA32717F1EA036650093ECC8 /* WeatherVC.swift in Sources */,
				FA32717D1EA036650093ECC8 /* AppDelegate.swift in Sources */,
				FACCDD8D1EA16B7C00787BA1 /* WeatherCell.swift in Sources */,
				FAA57D9B1EA04E42003B8AA1 /* CurrentWeather.swift in Sources */,
				FAA57D991EA04D87003B8AA1 /* Constants.swift in Sources */,
				FA68786D1EA131CB00F05E94 /* Forecast.swift in Sources */,
				FACCDD8F1EA1711E00787BA1 /* Location.swift in Sources */,
			);
			runOnlyForDeploymentPostprocessing = 0;
		};
/* End PBXSourcesBuildPhase section */

/* Begin PBXVariantGroup section */
		FA3271801EA036650093ECC8 /* Main.storyboard */ = {
			isa = PBXVariantGroup;
			children = (
				FA3271811EA036650093ECC8 /* Base */,
			);
			name = Main.storyboard;
			sourceTree = "<group>";
		};
		FA3271851EA036650093ECC8 /* LaunchScreen.storyboard */ = {
			isa = PBXVariantGroup;
			children = (
				FA3271861EA036650093ECC8 /* Base */,
			);
			name = LaunchScreen.storyboard;
			sourceTree = "<group>";
		};
/* End PBXVariantGroup section */

/* Begin XCBuildConfiguration section */
		FA3271891EA036650093ECC8 /* Debug */ = {
			isa = XCBuildConfiguration;
			buildSettings = {
				ALWAYS_SEARCH_USER_PATHS = NO;
				CLANG_ANALYZER_NONNULL = YES;
				CLANG_ANALYZER_NUMBER_OBJECT_CONVERSION = YES_AGGRESSIVE;
				CLANG_CXX_LANGUAGE_STANDARD = "gnu++0x";
				CLANG_CXX_LIBRARY = "libc++";
				CLANG_ENABLE_MODULES = YES;
				CLANG_ENABLE_OBJC_ARC = YES;
				CLANG_WARN_BOOL_CONVERSION = YES;
				CLANG_WARN_CONSTANT_CONVERSION = YES;
				CLANG_WARN_DIRECT_OBJC_ISA_USAGE = YES_ERROR;
				CLANG_WARN_DOCUMENTATION_COMMENTS = YES;
				CLANG_WARN_EMPTY_BODY = YES;
				CLANG_WARN_ENUM_CONVERSION = YES;
				CLANG_WARN_INFINITE_RECURSION = YES;
				CLANG_WARN_INT_CONVERSION = YES;
				CLANG_WARN_OBJC_ROOT_CLASS = YES_ERROR;
				CLANG_WARN_SUSPICIOUS_MOVE = YES;
				CLANG_WARN_UNREACHABLE_CODE = YES;
				CLANG_WARN__DUPLICATE_METHOD_MATCH = YES;
				"CODE_SIGN_IDENTITY[sdk=iphoneos*]" = "iPhone Developer";
				COPY_PHASE_STRIP = NO;
				DEBUG_INFORMATION_FORMAT = dwarf;
				ENABLE_STRICT_OBJC_MSGSEND = YES;
				ENABLE_TESTABILITY = YES;
				GCC_C_LANGUAGE_STANDARD = gnu99;
				GCC_DYNAMIC_NO_PIC = NO;
				GCC_NO_COMMON_BLOCKS = YES;
				GCC_OPTIMIZATION_LEVEL = 0;
				GCC_PREPROCESSOR_DEFINITIONS = (
					"DEBUG=1",
					"$(inherited)",
				);
				GCC_WARN_64_TO_32_BIT_CONVERSION = YES;
				GCC_WARN_ABOUT_RETURN_TYPE = YES_ERROR;
				GCC_WARN_UNDECLARED_SELECTOR = YES;
				GCC_WARN_UNINITIALIZED_AUTOS = YES_AGGRESSIVE;
				GCC_WARN_UNUSED_FUNCTION = YES;
				GCC_WARN_UNUSED_VARIABLE = YES;
				IPHONEOS_DEPLOYMENT_TARGET = 10.3;
				MTL_ENABLE_DEBUG_INFO = YES;
				ONLY_ACTIVE_ARCH = YES;
				SDKROOT = iphoneos;
				SWIFT_ACTIVE_COMPILATION_CONDITIONS = DEBUG;
				SWIFT_OPTIMIZATION_LEVEL = "-Onone";
			};
			name = Debug;
		};
		FA32718A1EA036650093ECC8 /* Release */ = {
			isa = XCBuildConfiguration;
			buildSettings = {
				ALWAYS_SEARCH_USER_PATHS = NO;
				CLANG_ANALYZER_NONNULL = YES;
				CLANG_ANALYZER_NUMBER_OBJECT_CONVERSION = YES_AGGRESSIVE;
				CLANG_CXX_LANGUAGE_STANDARD = "gnu++0x";
				CLANG_CXX_LIBRARY = "libc++";
				CLANG_ENABLE_MODULES = YES;
				CLANG_ENABLE_OBJC_ARC = YES;
				CLANG_WARN_BOOL_CONVERSION = YES;
				CLANG_WARN_CONSTANT_CONVERSION = YES;
				CLANG_WARN_DIRECT_OBJC_ISA_USAGE = YES_ERROR;
				CLANG_WARN_DOCUMENTATION_COMMENTS = YES;
				CLANG_WARN_EMPTY_BODY = YES;
				CLANG_WARN_ENUM_CONVERSION = YES;
				CLANG_WARN_INFINITE_RECURSION = YES;
				CLANG_WARN_INT_CONVERSION = YES;
				CLANG_WARN_OBJC_ROOT_CLASS = YES_ERROR;
				CLANG_WARN_SUSPICIOUS_MOVE = YES;
				CLANG_WARN_UNREACHABLE_CODE = YES;
				CLANG_WARN__DUPLICATE_METHOD_MATCH = YES;
				"CODE_SIGN_IDENTITY[sdk=iphoneos*]" = "iPhone Developer";
				COPY_PHASE_STRIP = NO;
				DEBUG_INFORMATION_FORMAT = "dwarf-with-dsym";
				ENABLE_NS_ASSERTIONS = NO;
				ENABLE_STRICT_OBJC_MSGSEND = YES;
				GCC_C_LANGUAGE_STANDARD = gnu99;
				GCC_NO_COMMON_BLOCKS = YES;
				GCC_WARN_64_TO_32_BIT_CONVERSION = YES;
				GCC_WARN_ABOUT_RETURN_TYPE = YES_ERROR;
				GCC_WARN_UNDECLARED_SELECTOR = YES;
				GCC_WARN_UNINITIALIZED_AUTOS = YES_AGGRESSIVE;
				GCC_WARN_UNUSED_FUNCTION = YES;
				GCC_WARN_UNUSED_VARIABLE = YES;
				IPHONEOS_DEPLOYMENT_TARGET = 10.3;
				MTL_ENABLE_DEBUG_INFO = NO;
				SDKROOT = iphoneos;
				SWIFT_OPTIMIZATION_LEVEL = "-Owholemodule";
				VALIDATE_PRODUCT = YES;
			};
			name = Release;
		};
		FA32718C1EA036650093ECC8 /* Debug */ = {
			isa = XCBuildConfiguration;
			baseConfigurationReference = 5A39791547948C74AA37AE9E /* Pods-Rain.debug.xcconfig */;
			buildSettings = {
				ASSETCATALOG_COMPILER_APPICON_NAME = AppIcon;
				DEVELOPMENT_TEAM = W8AVFZS4RL;
				INFOPLIST_FILE = Rain/Info.plist;
				LD_RUNPATH_SEARCH_PATHS = "$(inherited) @executable_path/Frameworks";
				PRODUCT_BUNDLE_IDENTIFIER = "jack-amiegbe.Rain";
				PRODUCT_NAME = "$(TARGET_NAME)";
				SWIFT_VERSION = 3.0;
			};
			name = Debug;
		};
		FA32718D1EA036650093ECC8 /* Release */ = {
			isa = XCBuildConfiguration;
			baseConfigurationReference = A953B9095B00A31412F6B539 /* Pods-Rain.release.xcconfig */;
			buildSettings = {
				ASSETCATALOG_COMPILER_APPICON_NAME = AppIcon;
				DEVELOPMENT_TEAM = W8AVFZS4RL;
				INFOPLIST_FILE = Rain/Info.plist;
				LD_RUNPATH_SEARCH_PATHS = "$(inherited) @executable_path/Frameworks";
				PRODUCT_BUNDLE_IDENTIFIER = "jack-amiegbe.Rain";
				PRODUCT_NAME = "$(TARGET_NAME)";
				SWIFT_VERSION = 3.0;
			};
			name = Release;
		};
/* End XCBuildConfiguration section */

/* Begin XCConfigurationList section */
		FA3271741EA036650093ECC8 /* Build configuration list for PBXProject "Rain" */ = {
			isa = XCConfigurationList;
			buildConfigurations = (
				FA3271891EA036650093ECC8 /* Debug */,
				FA32718A1EA036650093ECC8 /* Release */,
			);
			defaultConfigurationIsVisible = 0;
			defaultConfigurationName = Release;
		};
		FA32718B1EA036650093ECC8 /* Build configuration list for PBXNativeTarget "Rain" */ = {
			isa = XCConfigurationList;
			buildConfigurations = (
				FA32718C1EA036650093ECC8 /* Debug */,
				FA32718D1EA036650093ECC8 /* Release */,
			);
			defaultConfigurationIsVisible = 0;
			defaultConfigurationName = Release;
		};
/* End XCConfigurationList section */
	};
	rootObject = FA3271711EA036650093ECC8 /* Project object */;
}
